
Microsoft Visual Studio Solution File, Format Version 12.00
# Visual Studio Version 17
VisualStudioVersion = 17.1.32210.238
MinimumVisualStudioVersion = 10.0.40219.1
Project("{FAE04EC0-301F-11D3-BF4B-00C04F79EFBC}") = "Search big num", "Search big num\Search big num.csproj", "{088147AF-A532-4AB7-B63E-F951ED577B78}"
EndProject
Global
	GlobalSection(SolutionConfigurationPlatforms) = preSolution
		Debug|Any CPU = Debug|Any CPU
		Release|Any CPU = Release|Any CPU
	EndGlobalSection
	GlobalSection(ProjectConfigurationPlatforms) = postSolution
		{088147AF-A532-4AB7-B63E-F951ED577B78}.Debug|Any CPU.ActiveCfg = Debug|Any CPU
		{088147AF-A532-4AB7-B63E-F951ED577B78}.Debug|Any CPU.Build.0 = Debug|Any CPU
		{088147AF-A532-4AB7-B63E-F951ED577B78}.Release|Any CPU.ActiveCfg = Release|Any CPU
		{088147AF-A532-4AB7-B63E-F951ED577B78}.Release|Any CPU.Build.0 = Release|Any CPU
	EndGlobalSection
	GlobalSection(SolutionProperties) = preSolution
		HideSolutionNode = FALSE
	EndGlobalSection
	GlobalSection(ExtensibilityGlobals) = postSolution
		SolutionGuid = {86A2D76D-363D-4F50-ACF6-08E76E4950EF}
	EndGlobalSection
EndGlobal
